
Microsoft Visual Studio Solution File, Format Version 12.00
# Visual Studio Version 17
VisualStudioVersion = 17.3.32929.385
MinimumVisualStudioVersion = 10.0.40219.1
Project("{FAE04EC0-301F-11D3-BF4B-00C04F79EFBC}") = "RegisterValidation", "RegisterValidation\RegisterValidation.csproj", "{A569CA48-CF8F-46D1-9215-B88307997F71}"
EndProject
Global
	GlobalSection(SolutionConfigurationPlatforms) = preSolution
		Debug|Any CPU = Debug|Any CPU
		Release|Any CPU = Release|Any CPU
	EndGlobalSection
	GlobalSection(ProjectConfigurationPlatforms) = postSolution
		{A569CA48-CF8F-46D1-9215-B88307997F71}.Debug|Any CPU.ActiveCfg = Debug|Any CPU
		{A569CA48-CF8F-46D1-9215-B88307997F71}.Debug|Any CPU.Build.0 = Debug|Any CPU
		{A569CA48-CF8F-46D1-9215-B88307997F71}.Release|Any CPU.ActiveCfg = Release|Any CPU
		{A569CA48-CF8F-46D1-9215-B88307997F71}.Release|Any CPU.Build.0 = Release|Any CPU
	EndGlobalSection
	GlobalSection(SolutionProperties) = preSolution
		HideSolutionNode = FALSE
	EndGlobalSection
	GlobalSection(ExtensibilityGlobals) = postSolution
		SolutionGuid = {2F7E2DD0-C185-460C-8245-8185043E695D}
	EndGlobalSection
EndGlobal
